
Microsoft Visual Studio Solution File, Format Version 12.00
# Visual Studio Version 17
VisualStudioVersion = 17.9.34714.143
MinimumVisualStudioVersion = 10.0.40219.1
Project("{FAE04EC0-301F-11D3-BF4B-00C04F79EFBC}") = "YorksM", "YorksM\YorksM.csproj", "{92218F2B-A76F-424E-9612-9ABCB444488F}"
EndProject
Global
	GlobalSection(SolutionConfigurationPlatforms) = preSolution
		Debug|Any CPU = Debug|Any CPU
		Release|Any CPU = Release|Any CPU
	EndGlobalSection
	GlobalSection(ProjectConfigurationPlatforms) = postSolution
		{92218F2B-A76F-424E-9612-9ABCB444488F}.Debug|Any CPU.ActiveCfg = Debug|Any CPU
		{92218F2B-A76F-424E-9612-9ABCB444488F}.Debug|Any CPU.Build.0 = Debug|Any CPU
		{92218F2B-A76F-424E-9612-9ABCB444488F}.Release|Any CPU.ActiveCfg = Release|Any CPU
		{92218F2B-A76F-424E-9612-9ABCB444488F}.Release|Any CPU.Build.0 = Release|Any CPU
	EndGlobalSection
	GlobalSection(SolutionProperties) = preSolution
		HideSolutionNode = FALSE
	EndGlobalSection
	GlobalSection(ExtensibilityGlobals) = postSolution
		SolutionGuid = {24254B2D-5389-412A-B2A2-6795FF4F043C}
	EndGlobalSection
EndGlobal
